
Microsoft Visual Studio Solution File, Format Version 12.00
# Visual Studio Version 17
VisualStudioVersion = 17.0.31903.59
MinimumVisualStudioVersion = 10.0.40219.1
Project("{2150E333-8FDC-42A3-9474-1A3956D46DE8}") = "src", "src", "{827E0CD3-B72D-47B6-A68D-7590B98EB39B}"
EndProject
Project("{FAE04EC0-301F-11D3-BF4B-00C04F79EFBC}") = "Produtor", "src\Produtor\Produtor.csproj", "{E9069024-F637-4AFA-94D7-269625DF2FF0}"
EndProject
Project("{FAE04EC0-301F-11D3-BF4B-00C04F79EFBC}") = "Consumidor", "src\Consumidor\Consumidor.csproj", "{52C417C4-DC6F-4E1F-8E4D-2A0D2B65BA33}"
EndProject
Global
	GlobalSection(SolutionConfigurationPlatforms) = preSolution
		Debug|Any CPU = Debug|Any CPU
		Debug|x64 = Debug|x64
		Debug|x86 = Debug|x86
		Release|Any CPU = Release|Any CPU
		Release|x64 = Release|x64
		Release|x86 = Release|x86
	EndGlobalSection
	GlobalSection(ProjectConfigurationPlatforms) = postSolution
		{E9069024-F637-4AFA-94D7-269625DF2FF0}.Debug|Any CPU.ActiveCfg = Debug|Any CPU
		{E9069024-F637-4AFA-94D7-269625DF2FF0}.Debug|Any CPU.Build.0 = Debug|Any CPU
		{E9069024-F637-4AFA-94D7-269625DF2FF0}.Debug|x64.ActiveCfg = Debug|Any CPU
		{E9069024-F637-4AFA-94D7-269625DF2FF0}.Debug|x64.Build.0 = Debug|Any CPU
		{E9069024-F637-4AFA-94D7-269625DF2FF0}.Debug|x86.ActiveCfg = Debug|Any CPU
		{E9069024-F637-4AFA-94D7-269625DF2FF0}.Debug|x86.Build.0 = Debug|Any CPU
		{E9069024-F637-4AFA-94D7-269625DF2FF0}.Release|Any CPU.ActiveCfg = Release|Any CPU
		{E9069024-F637-4AFA-94D7-269625DF2FF0}.Release|Any CPU.Build.0 = Release|Any CPU
		{E9069024-F637-4AFA-94D7-269625DF2FF0}.Release|x64.ActiveCfg = Release|Any CPU
		{E9069024-F637-4AFA-94D7-269625DF2FF0}.Release|x64.Build.0 = Release|Any CPU
		{E9069024-F637-4AFA-94D7-269625DF2FF0}.Release|x86.ActiveCfg = Release|Any CPU
		{E9069024-F637-4AFA-94D7-269625DF2FF0}.Release|x86.Build.0 = Release|Any CPU
		{52C417C4-DC6F-4E1F-8E4D-2A0D2B65BA33}.Debug|Any CPU.ActiveCfg = Debug|Any CPU
		{52C417C4-DC6F-4E1F-8E4D-2A0D2B65BA33}.Debug|Any CPU.Build.0 = Debug|Any CPU
		{52C417C4-DC6F-4E1F-8E4D-2A0D2B65BA33}.Debug|x64.ActiveCfg = Debug|Any CPU
		{52C417C4-DC6F-4E1F-8E4D-2A0D2B65BA33}.Debug|x64.Build.0 = Debug|Any CPU
		{52C417C4-DC6F-4E1F-8E4D-2A0D2B65BA33}.Debug|x86.ActiveCfg = Debug|Any CPU
		{52C417C4-DC6F-4E1F-8E4D-2A0D2B65BA33}.Debug|x86.Build.0 = Debug|Any CPU
		{52C417C4-DC6F-4E1F-8E4D-2A0D2B65BA33}.Release|Any CPU.ActiveCfg = Release|Any CPU
		{52C417C4-DC6F-4E1F-8E4D-2A0D2B65BA33}.Release|Any CPU.Build.0 = Release|Any CPU
		{52C417C4-DC6F-4E1F-8E4D-2A0D2B65BA33}.Release|x64.ActiveCfg = Release|Any CPU
		{52C417C4-DC6F-4E1F-8E4D-2A0D2B65BA33}.Release|x64.Build.0 = Release|Any CPU
		{52C417C4-DC6F-4E1F-8E4D-2A0D2B65BA33}.Release|x86.ActiveCfg = Release|Any CPU
		{52C417C4-DC6F-4E1F-8E4D-2A0D2B65BA33}.Release|x86.Build.0 = Release|Any CPU
	EndGlobalSection
	GlobalSection(SolutionProperties) = preSolution
		HideSolutionNode = FALSE
	EndGlobalSection
	GlobalSection(NestedProjects) = preSolution
		{E9069024-F637-4AFA-94D7-269625DF2FF0} = {827E0CD3-B72D-47B6-A68D-7590B98EB39B}
		{52C417C4-DC6F-4E1F-8E4D-2A0D2B65BA33} = {827E0CD3-B72D-47B6-A68D-7590B98EB39B}
	EndGlobalSection
EndGlobal
